
Microsoft Visual Studio Solution File, Format Version 12.00
# Visual Studio Version 16
VisualStudioVersion = 16.0.31515.178
MinimumVisualStudioVersion = 10.0.40219.1
Project("{FAE04EC0-301F-11D3-BF4B-00C04F79EFBC}") = "Nuget_VSIX_Project", "Nuget_VSIX_Project\Nuget_VSIX_Project.csproj", "{B2538A86-EB8A-49AC-8776-DCA4C3BB66DE}"
EndProject
Global
	GlobalSection(SolutionConfigurationPlatforms) = preSolution
		Debug|Any CPU = Debug|Any CPU
		Release|Any CPU = Release|Any CPU
	EndGlobalSection
	GlobalSection(ProjectConfigurationPlatforms) = postSolution
		{B2538A86-EB8A-49AC-8776-DCA4C3BB66DE}.Debug|Any CPU.ActiveCfg = Debug|Any CPU
		{B2538A86-EB8A-49AC-8776-DCA4C3BB66DE}.Debug|Any CPU.Build.0 = Debug|Any CPU
		{B2538A86-EB8A-49AC-8776-DCA4C3BB66DE}.Release|Any CPU.ActiveCfg = Release|Any CPU
		{B2538A86-EB8A-49AC-8776-DCA4C3BB66DE}.Release|Any CPU.Build.0 = Release|Any CPU
	EndGlobalSection
	GlobalSection(SolutionProperties) = preSolution
		HideSolutionNode = FALSE
	EndGlobalSection
	GlobalSection(ExtensibilityGlobals) = postSolution
		SolutionGuid = {8201FBF3-BBF6-4443-86FD-46330D897EF4}
	EndGlobalSection
EndGlobal
